
Microsoft Visual Studio Solution File, Format Version 12.00
# Visual Studio Version 16
VisualStudioVersion = 16.0.30621.155
MinimumVisualStudioVersion = 10.0.40219.1
Project("{E24C65DC-7377-472B-9ABA-BC803B73C61A}") = "DOHOANGGIA_5951071018_WebServiceSOAP", "DOHOANGGIA_5951071018_WebServiceSOAP\", "{14F0384E-0F03-4856-9386-C10415061C0A}"
	ProjectSection(WebsiteProperties) = preProject
		TargetFrameworkMoniker = ".NETFramework,Version%3Dv4.6.1"
		Debug.AspNetCompiler.VirtualPath = "/localhost_59207"
		Debug.AspNetCompiler.PhysicalPath = "DOHOANGGIA_5951071018_WebServiceSOAP\"
		Debug.AspNetCompiler.TargetPath = "PrecompiledWeb\localhost_59207\"
		Debug.AspNetCompiler.Updateable = "true"
		Debug.AspNetCompiler.ForceOverwrite = "true"
		Debug.AspNetCompiler.FixedNames = "false"
		Debug.AspNetCompiler.Debug = "True"
		Release.AspNetCompiler.VirtualPath = "/localhost_59207"
		Release.AspNetCompiler.PhysicalPath = "DOHOANGGIA_5951071018_WebServiceSOAP\"
		Release.AspNetCompiler.TargetPath = "PrecompiledWeb\localhost_59207\"
		Release.AspNetCompiler.Updateable = "true"
		Release.AspNetCompiler.ForceOverwrite = "true"
		Release.AspNetCompiler.FixedNames = "false"
		Release.AspNetCompiler.Debug = "False"
		VWDPort = "59207"
		SlnRelativePath = "DOHOANGGIA_5951071018_WebServiceSOAP\"
		DefaultWebSiteLanguage = "Visual C#"
	EndProjectSection
EndProject
Global
	GlobalSection(SolutionConfigurationPlatforms) = preSolution
		Debug|Any CPU = Debug|Any CPU
	EndGlobalSection
	GlobalSection(ProjectConfigurationPlatforms) = postSolution
		{14F0384E-0F03-4856-9386-C10415061C0A}.Debug|Any CPU.ActiveCfg = Debug|Any CPU
		{14F0384E-0F03-4856-9386-C10415061C0A}.Debug|Any CPU.Build.0 = Debug|Any CPU
	EndGlobalSection
	GlobalSection(SolutionProperties) = preSolution
		HideSolutionNode = FALSE
	EndGlobalSection
	GlobalSection(ExtensibilityGlobals) = postSolution
		SolutionGuid = {F65BD773-4A03-4EC5-86EE-34BCCB6D49D5}
	EndGlobalSection
EndGlobal
